
Microsoft Visual Studio Solution File, Format Version 12.00
# Visual Studio Version 16
VisualStudioVersion = 16.0.31729.503
MinimumVisualStudioVersion = 10.0.40219.1
Project("{888888A0-9F3D-457C-B088-3A5042F75D52}") = "haizz", "haizz\haizz.pyproj", "{52EA042E-1346-4A44-AA98-8FBD2905BCCE}"
EndProject
Global
	GlobalSection(SolutionConfigurationPlatforms) = preSolution
		Debug|Any CPU = Debug|Any CPU
		Release|Any CPU = Release|Any CPU
	EndGlobalSection
	GlobalSection(ProjectConfigurationPlatforms) = postSolution
		{52EA042E-1346-4A44-AA98-8FBD2905BCCE}.Debug|Any CPU.ActiveCfg = Debug|Any CPU
		{52EA042E-1346-4A44-AA98-8FBD2905BCCE}.Release|Any CPU.ActiveCfg = Release|Any CPU
	EndGlobalSection
	GlobalSection(SolutionProperties) = preSolution
		HideSolutionNode = FALSE
	EndGlobalSection
	GlobalSection(ExtensibilityGlobals) = postSolution
		SolutionGuid = {2425A93E-4463-49BD-B040-83EE8517F8D6}
	EndGlobalSection
EndGlobal
